
Microsoft Visual Studio Solution File, Format Version 12.00
# Visual Studio 15
VisualStudioVersion = 15.0.26124.0
MinimumVisualStudioVersion = 15.0.26124.0
Project("{9A19103F-16F7-4668-BE54-9A1E7A4F7556}") = "WebApplication1", "WebApplication1\WebApplication1.csproj", "{8E157BB2-8907-4BCD-9C91-0BD162D32467}"
EndProject
Global
	GlobalSection(SolutionConfigurationPlatforms) = preSolution
		Debug|Any CPU = Debug|Any CPU
		Release|Any CPU = Release|Any CPU
	EndGlobalSection
	GlobalSection(ProjectConfigurationPlatforms) = postSolution
		{8E157BB2-8907-4BCD-9C91-0BD162D32467}.Debug|Any CPU.ActiveCfg = Debug|Any CPU
		{8E157BB2-8907-4BCD-9C91-0BD162D32467}.Debug|Any CPU.Build.0 = Debug|Any CPU
		{8E157BB2-8907-4BCD-9C91-0BD162D32467}.Release|Any CPU.ActiveCfg = Release|Any CPU
		{8E157BB2-8907-4BCD-9C91-0BD162D32467}.Release|Any CPU.Build.0 = Release|Any CPU
	EndGlobalSection
	GlobalSection(SolutionProperties) = preSolution
		HideSolutionNode = FALSE
	EndGlobalSection
	GlobalSection(ExtensibilityGlobals) = postSolution
		SolutionGuid = {1400E074-8F13-4195-8523-B54C25A2AAC5}
	EndGlobalSection
EndGlobal
